
Microsoft Visual Studio Solution File, Format Version 12.00
# Visual Studio 15
VisualStudioVersion = 15.0.28010.2050
MinimumVisualStudioVersion = 10.0.40219.1
Project("{FAE04EC0-301F-11D3-BF4B-00C04F79EFBC}") = "Ubrania_Nowy", "Ubrania_Nowy\Ubrania_Nowy.csproj", "{1F5F4D71-AED4-4826-940F-EB0E27288407}"
EndProject
Project("{FAE04EC0-301F-11D3-BF4B-00C04F79EFBC}") = "Ubrania_ASP.NET2", "Ubrania_ASP.NET2\Ubrania_ASP.NET2.csproj", "{A03723A2-7993-4E57-9959-F46C9D03ED1B}"
EndProject
Global
	GlobalSection(SolutionConfigurationPlatforms) = preSolution
		Debug|Any CPU = Debug|Any CPU
		Release|Any CPU = Release|Any CPU
	EndGlobalSection
	GlobalSection(ProjectConfigurationPlatforms) = postSolution
		{1F5F4D71-AED4-4826-940F-EB0E27288407}.Debug|Any CPU.ActiveCfg = Debug|Any CPU
		{1F5F4D71-AED4-4826-940F-EB0E27288407}.Debug|Any CPU.Build.0 = Debug|Any CPU
		{1F5F4D71-AED4-4826-940F-EB0E27288407}.Release|Any CPU.ActiveCfg = Release|Any CPU
		{1F5F4D71-AED4-4826-940F-EB0E27288407}.Release|Any CPU.Build.0 = Release|Any CPU
		{A03723A2-7993-4E57-9959-F46C9D03ED1B}.Debug|Any CPU.ActiveCfg = Debug|Any CPU
		{A03723A2-7993-4E57-9959-F46C9D03ED1B}.Debug|Any CPU.Build.0 = Debug|Any CPU
		{A03723A2-7993-4E57-9959-F46C9D03ED1B}.Release|Any CPU.ActiveCfg = Release|Any CPU
		{A03723A2-7993-4E57-9959-F46C9D03ED1B}.Release|Any CPU.Build.0 = Release|Any CPU
	EndGlobalSection
	GlobalSection(SolutionProperties) = preSolution
		HideSolutionNode = FALSE
	EndGlobalSection
	GlobalSection(ExtensibilityGlobals) = postSolution
		SolutionGuid = {D9686AEB-DCC5-4129-864A-2B92DA6F506D}
	EndGlobalSection
EndGlobal
