
Microsoft Visual Studio Solution File, Format Version 12.00
# Visual Studio Version 16
VisualStudioVersion = 16.0.28922.388
MinimumVisualStudioVersion = 10.0.40219.1
Project("{FAE04EC0-301F-11D3-BF4B-00C04F79EFBC}") = "Ubrania_Nowy", "Ubrania_Nowy\Ubrania_Nowy.csproj", "{1F5F4D71-AED4-4826-940F-EB0E27288407}"
EndProject
Project("{9A19103F-16F7-4668-BE54-9A1E7A4F7556}") = "Ubrania_ASP.NET_Nowy", "Ubrania_ASP.NET_Nowy\Ubrania_ASP.NET_Nowy.csproj", "{79CB1F62-B854-4946-BA0E-A4C6953174C3}"
EndProject
Global
	GlobalSection(SolutionConfigurationPlatforms) = preSolution
		Debug|Any CPU = Debug|Any CPU
		Release|Any CPU = Release|Any CPU
	EndGlobalSection
	GlobalSection(ProjectConfigurationPlatforms) = postSolution
		{1F5F4D71-AED4-4826-940F-EB0E27288407}.Debug|Any CPU.ActiveCfg = Debug|Any CPU
		{1F5F4D71-AED4-4826-940F-EB0E27288407}.Debug|Any CPU.Build.0 = Debug|Any CPU
		{1F5F4D71-AED4-4826-940F-EB0E27288407}.Release|Any CPU.ActiveCfg = Release|Any CPU
		{1F5F4D71-AED4-4826-940F-EB0E27288407}.Release|Any CPU.Build.0 = Release|Any CPU
		{79CB1F62-B854-4946-BA0E-A4C6953174C3}.Debug|Any CPU.ActiveCfg = Debug|Any CPU
		{79CB1F62-B854-4946-BA0E-A4C6953174C3}.Debug|Any CPU.Build.0 = Debug|Any CPU
		{79CB1F62-B854-4946-BA0E-A4C6953174C3}.Release|Any CPU.ActiveCfg = Release|Any CPU
		{79CB1F62-B854-4946-BA0E-A4C6953174C3}.Release|Any CPU.Build.0 = Release|Any CPU
	EndGlobalSection
	GlobalSection(SolutionProperties) = preSolution
		HideSolutionNode = FALSE
	EndGlobalSection
	GlobalSection(ExtensibilityGlobals) = postSolution
		SolutionGuid = {D9686AEB-DCC5-4129-864A-2B92DA6F506D}
	EndGlobalSection
EndGlobal
