
Microsoft Visual Studio Solution File, Format Version 12.00
# Visual Studio 15
VisualStudioVersion = 15.0.28010.2050
MinimumVisualStudioVersion = 10.0.40219.1
Project("{FAE04EC0-301F-11D3-BF4B-00C04F79EFBC}") = "switch", "switch\switch.csproj", "{60DDFA43-58E7-41C8-8F40-AF18CBB61840}"
EndProject
Global
	GlobalSection(SolutionConfigurationPlatforms) = preSolution
		Debug|Any CPU = Debug|Any CPU
		Release|Any CPU = Release|Any CPU
	EndGlobalSection
	GlobalSection(ProjectConfigurationPlatforms) = postSolution
		{60DDFA43-58E7-41C8-8F40-AF18CBB61840}.Debug|Any CPU.ActiveCfg = Debug|Any CPU
		{60DDFA43-58E7-41C8-8F40-AF18CBB61840}.Debug|Any CPU.Build.0 = Debug|Any CPU
		{60DDFA43-58E7-41C8-8F40-AF18CBB61840}.Release|Any CPU.ActiveCfg = Release|Any CPU
		{60DDFA43-58E7-41C8-8F40-AF18CBB61840}.Release|Any CPU.Build.0 = Release|Any CPU
	EndGlobalSection
	GlobalSection(SolutionProperties) = preSolution
		HideSolutionNode = FALSE
	EndGlobalSection
	GlobalSection(ExtensibilityGlobals) = postSolution
		SolutionGuid = {BBA06300-D90C-4EA3-A225-ED5B3C50C9CD}
	EndGlobalSection
EndGlobal
